
Microsoft Visual Studio Solution File, Format Version 12.00
# Visual Studio 15
VisualStudioVersion = 15.0.28307.705
MinimumVisualStudioVersion = 10.0.40219.1
Project("{8BC9CEB8-8B4A-11D0-8D11-00A0C91BC942}") = "ConsoleApplication_01-4_4", "ConsoleApplication_01-4_4.vcxproj", "{DFBF58C3-9CA8-4067-ABB6-98604BDE9E61}"
EndProject
Global
	GlobalSection(SolutionConfigurationPlatforms) = preSolution
		Debug|x64 = Debug|x64
		Debug|x86 = Debug|x86
		Release|x64 = Release|x64
		Release|x86 = Release|x86
	EndGlobalSection
	GlobalSection(ProjectConfigurationPlatforms) = postSolution
		{DFBF58C3-9CA8-4067-ABB6-98604BDE9E61}.Debug|x64.ActiveCfg = Debug|x64
		{DFBF58C3-9CA8-4067-ABB6-98604BDE9E61}.Debug|x64.Build.0 = Debug|x64
		{DFBF58C3-9CA8-4067-ABB6-98604BDE9E61}.Debug|x86.ActiveCfg = Debug|Win32
		{DFBF58C3-9CA8-4067-ABB6-98604BDE9E61}.Debug|x86.Build.0 = Debug|Win32
		{DFBF58C3-9CA8-4067-ABB6-98604BDE9E61}.Release|x64.ActiveCfg = Release|x64
		{DFBF58C3-9CA8-4067-ABB6-98604BDE9E61}.Release|x64.Build.0 = Release|x64
		{DFBF58C3-9CA8-4067-ABB6-98604BDE9E61}.Release|x86.ActiveCfg = Release|Win32
		{DFBF58C3-9CA8-4067-ABB6-98604BDE9E61}.Release|x86.Build.0 = Release|Win32
	EndGlobalSection
	GlobalSection(SolutionProperties) = preSolution
		HideSolutionNode = FALSE
	EndGlobalSection
	GlobalSection(ExtensibilityGlobals) = postSolution
		SolutionGuid = {F2853A59-360E-46E4-B377-D414BC507339}
	EndGlobalSection
EndGlobal
